
Microsoft Visual Studio Solution File, Format Version 12.00
# Visual Studio Version 17
VisualStudioVersion = 17.1.32319.34
MinimumVisualStudioVersion = 10.0.40219.1
Project("{9A19103F-16F7-4668-BE54-9A1E7A4F7556}") = "Game", "Game\Game.csproj", "{C2CFF901-3843-40F4-A8B6-D591BD8C6859}"
EndProject
Project("{9A19103F-16F7-4668-BE54-9A1E7A4F7556}") = "GameAPI", "GameAPI\GameAPI.csproj", "{6215D42E-7C6B-403D-8B48-0C6F2EF688D1}"
EndProject
Project("{9A19103F-16F7-4668-BE54-9A1E7A4F7556}") = "GameTest", "GameTest\GameTest.csproj", "{D689AE1A-74E6-4B73-AC66-7BDB5C66E0D5}"
EndProject
Project("{FAE04EC0-301F-11D3-BF4B-00C04F79EFBC}") = "SpriteMaker", "SpriteMaker\SpriteMaker.csproj", "{444ECA4F-8EC9-4931-8769-1457791CB1DC}"
EndProject
Global
	GlobalSection(SolutionConfigurationPlatforms) = preSolution
		Debug|Any CPU = Debug|Any CPU
		Release|Any CPU = Release|Any CPU
	EndGlobalSection
	GlobalSection(ProjectConfigurationPlatforms) = postSolution
		{C2CFF901-3843-40F4-A8B6-D591BD8C6859}.Debug|Any CPU.ActiveCfg = Debug|Any CPU
		{C2CFF901-3843-40F4-A8B6-D591BD8C6859}.Debug|Any CPU.Build.0 = Debug|Any CPU
		{C2CFF901-3843-40F4-A8B6-D591BD8C6859}.Release|Any CPU.ActiveCfg = Release|Any CPU
		{C2CFF901-3843-40F4-A8B6-D591BD8C6859}.Release|Any CPU.Build.0 = Release|Any CPU
		{6215D42E-7C6B-403D-8B48-0C6F2EF688D1}.Debug|Any CPU.ActiveCfg = Debug|Any CPU
		{6215D42E-7C6B-403D-8B48-0C6F2EF688D1}.Debug|Any CPU.Build.0 = Debug|Any CPU
		{6215D42E-7C6B-403D-8B48-0C6F2EF688D1}.Release|Any CPU.ActiveCfg = Release|Any CPU
		{6215D42E-7C6B-403D-8B48-0C6F2EF688D1}.Release|Any CPU.Build.0 = Release|Any CPU
		{D689AE1A-74E6-4B73-AC66-7BDB5C66E0D5}.Debug|Any CPU.ActiveCfg = Debug|Any CPU
		{D689AE1A-74E6-4B73-AC66-7BDB5C66E0D5}.Debug|Any CPU.Build.0 = Debug|Any CPU
		{D689AE1A-74E6-4B73-AC66-7BDB5C66E0D5}.Release|Any CPU.ActiveCfg = Release|Any CPU
		{D689AE1A-74E6-4B73-AC66-7BDB5C66E0D5}.Release|Any CPU.Build.0 = Release|Any CPU
		{444ECA4F-8EC9-4931-8769-1457791CB1DC}.Debug|Any CPU.ActiveCfg = Debug|Any CPU
		{444ECA4F-8EC9-4931-8769-1457791CB1DC}.Debug|Any CPU.Build.0 = Debug|Any CPU
		{444ECA4F-8EC9-4931-8769-1457791CB1DC}.Release|Any CPU.ActiveCfg = Release|Any CPU
		{444ECA4F-8EC9-4931-8769-1457791CB1DC}.Release|Any CPU.Build.0 = Release|Any CPU
	EndGlobalSection
	GlobalSection(SolutionProperties) = preSolution
		HideSolutionNode = FALSE
	EndGlobalSection
	GlobalSection(ExtensibilityGlobals) = postSolution
		SolutionGuid = {E140E059-225E-4E56-803B-A271490A02D8}
	EndGlobalSection
EndGlobal
